
Microsoft Visual Studio Solution File, Format Version 12.00
# Visual Studio Version 17
VisualStudioVersion = 17.0.31903.59
MinimumVisualStudioVersion = 10.0.40219.1
Project("{2150E333-8FDC-42A3-9474-1A3956D46DE8}") = "src", "src", "{544456D8-8129-4FAD-AD56-DB2E2C7430CC}"
EndProject
Project("{FAE04EC0-301F-11D3-BF4B-00C04F79EFBC}") = "LeftOpen.Core", "src\LeftOpen.Core\LeftOpen.Core.csproj", "{89B0270A-D388-4543-8F02-313CFD214F71}"
EndProject
Project("{FAE04EC0-301F-11D3-BF4B-00C04F79EFBC}") = "LeftOpen.Cli", "src\LeftOpen.Cli\LeftOpen.Cli.csproj", "{AA4897B1-4FED-4F6A-8CC6-0C153474F015}"
EndProject
Project("{FAE04EC0-301F-11D3-BF4B-00C04F79EFBC}") = "LeftOpen.Tray", "src\LeftOpen.Tray\LeftOpen.Tray.csproj", "{424F7028-34BE-4810-B495-1920CD69AD40}"
EndProject
Project("{2150E333-8FDC-42A3-9474-1A3956D46DE8}") = "tests", "tests", "{4670D1DC-9A3F-4770-A065-9C5D9B7ACE4E}"
EndProject
Project("{FAE04EC0-301F-11D3-BF4B-00C04F79EFBC}") = "LeftOpen.Core.Tests", "tests\LeftOpen.Core.Tests\LeftOpen.Core.Tests.csproj", "{F3CBD148-FDE5-4123-9413-00426F82E4ED}"
EndProject
Global
	GlobalSection(SolutionConfigurationPlatforms) = preSolution
		Debug|Any CPU = Debug|Any CPU
		Release|Any CPU = Release|Any CPU
	EndGlobalSection
	GlobalSection(SolutionProperties) = preSolution
		HideSolutionNode = FALSE
	EndGlobalSection
	GlobalSection(ProjectConfigurationPlatforms) = postSolution
		{89B0270A-D388-4543-8F02-313CFD214F71}.Debug|Any CPU.ActiveCfg = Debug|Any CPU
		{89B0270A-D388-4543-8F02-313CFD214F71}.Debug|Any CPU.Build.0 = Debug|Any CPU
		{89B0270A-D388-4543-8F02-313CFD214F71}.Release|Any CPU.ActiveCfg = Release|Any CPU
		{89B0270A-D388-4543-8F02-313CFD214F71}.Release|Any CPU.Build.0 = Release|Any CPU
		{AA4897B1-4FED-4F6A-8CC6-0C153474F015}.Debug|Any CPU.ActiveCfg = Debug|Any CPU
		{AA4897B1-4FED-4F6A-8CC6-0C153474F015}.Debug|Any CPU.Build.0 = Debug|Any CPU
		{AA4897B1-4FED-4F6A-8CC6-0C153474F015}.Release|Any CPU.ActiveCfg = Release|Any CPU
		{AA4897B1-4FED-4F6A-8CC6-0C153474F015}.Release|Any CPU.Build.0 = Release|Any CPU
		{424F7028-34BE-4810-B495-1920CD69AD40}.Debug|Any CPU.ActiveCfg = Debug|Any CPU
		{424F7028-34BE-4810-B495-1920CD69AD40}.Debug|Any CPU.Build.0 = Debug|Any CPU
		{424F7028-34BE-4810-B495-1920CD69AD40}.Release|Any CPU.ActiveCfg = Release|Any CPU
		{424F7028-34BE-4810-B495-1920CD69AD40}.Release|Any CPU.Build.0 = Release|Any CPU
		{F3CBD148-FDE5-4123-9413-00426F82E4ED}.Debug|Any CPU.ActiveCfg = Debug|Any CPU
		{F3CBD148-FDE5-4123-9413-00426F82E4ED}.Debug|Any CPU.Build.0 = Debug|Any CPU
		{F3CBD148-FDE5-4123-9413-00426F82E4ED}.Release|Any CPU.ActiveCfg = Release|Any CPU
		{F3CBD148-FDE5-4123-9413-00426F82E4ED}.Release|Any CPU.Build.0 = Release|Any CPU
	EndGlobalSection
	GlobalSection(NestedProjects) = preSolution
		{89B0270A-D388-4543-8F02-313CFD214F71} = {544456D8-8129-4FAD-AD56-DB2E2C7430CC}
		{AA4897B1-4FED-4F6A-8CC6-0C153474F015} = {544456D8-8129-4FAD-AD56-DB2E2C7430CC}
		{424F7028-34BE-4810-B495-1920CD69AD40} = {544456D8-8129-4FAD-AD56-DB2E2C7430CC}
		{F3CBD148-FDE5-4123-9413-00426F82E4ED} = {4670D1DC-9A3F-4770-A065-9C5D9B7ACE4E}
	EndGlobalSection
EndGlobal
